// !$*UTF8*$!
{
	archiveVersion = 1;
	classes = {
	};
	objectVersion = 46;
	objects = {

/* Begin PBXBuildFile section */
		A542441920064DA500C7B697 /* AuthorCell.swift in Sources */ = {isa = PBXBuildFile; fileRef = A542441720064DA500C7B697 /* AuthorCell.swift */; };
		A542441A20064DA500C7B697 /* AuthorCell.xib in Resources */ = {isa = PBXBuildFile; fileRef = A542441820064DA500C7B697 /* AuthorCell.xib */; };
		A542441C200650D200C7B697 /* Navigation.swift in Sources */ = {isa = PBXBuildFile; fileRef = A542441B200650D200C7B697 /* Navigation.swift */; };
		A5556CBE1F0E40FA00051AE0 /* AVFoundation.framework in Frameworks */ = {isa = PBXBuildFile; fileRef = A5556CBD1F0E40FA00051AE0 /* AVFoundation.framework */; };
		A5F5E1E31F209900002C611E /* CommentsController.swift in Sources */ = {isa = PBXBuildFile; fileRef = A5F5E1BB1F209900002C611E /* CommentsController.swift */; };
		A5F5E1E41F209900002C611E /* TagCell.swift in Sources */ = {isa = PBXBuildFile; fileRef = A5F5E1BF1F209900002C611E /* TagCell.swift */; };
		A5F5E1E51F209900002C611E /* TagCell.xib in Resources */ = {isa = PBXBuildFile; fileRef = A5F5E1C01F209900002C611E /* TagCell.xib */; };
		A5F5E1E61F209900002C611E /* TagsView.swift in Sources */ = {isa = PBXBuildFile; fileRef = A5F5E1C11F209900002C611E /* TagsView.swift */; };
		A5F5E1E71F209900002C611E /* LaunchScreen.storyboard in Resources */ = {isa = PBXBuildFile; fileRef = A5F5E1C31F209900002C611E /* LaunchScreen.storyboard */; };
		A5F5E1E81F209900002C611E /* AuthViewController.swift in Sources */ = {isa = PBXBuildFile; fileRef = A5F5E1C61F209900002C611E /* AuthViewController.swift */; };
		A5F5E1E91F209900002C611E /* LoginViewController.swift in Sources */ = {isa = PBXBuildFile; fileRef = A5F5E1C71F209900002C611E /* LoginViewController.swift */; };
		A5F5E1EA1F209900002C611E /* Login.storyboard in Resources */ = {isa = PBXBuildFile; fileRef = A5F5E1C91F209900002C611E /* Login.storyboard */; };
		A5F5E1EB1F209900002C611E /* SoundMapController.swift in Sources */ = {isa = PBXBuildFile; fileRef = A5F5E1CC1F209900002C611E /* SoundMapController.swift */; };
		A5F5E1EC1F209900002C611E /* LeftMenuViewController.swift in Sources */ = {isa = PBXBuildFile; fileRef = A5F5E1D01F209900002C611E /* LeftMenuViewController.swift */; };
		A5F5E1ED1F209900002C611E /* MenuRootViewController.swift in Sources */ = {isa = PBXBuildFile; fileRef = A5F5E1D11F209900002C611E /* MenuRootViewController.swift */; };
		A5F5E1EE1F209900002C611E /* SoundPlayerController.swift in Sources */ = {isa = PBXBuildFile; fileRef = A5F5E1D51F209900002C611E /* SoundPlayerController.swift */; };
		A5F5E1EF1F209900002C611E /* SoundPlayerView.swift in Sources */ = {isa = PBXBuildFile; fileRef = A5F5E1D71F209900002C611E /* SoundPlayerView.swift */; };
		A5F5E1F01F209900002C611E /* ProfileViewController.swift in Sources */ = {isa = PBXBuildFile; fileRef = A5F5E1DA1F209900002C611E /* ProfileViewController.swift */; };
		A5F5E1F71F2099EC002C611E /* FreesoundService.swift in Sources */ = {isa = PBXBuildFile; fileRef = A5F5E1F61F2099EC002C611E /* FreesoundService.swift */; };
		A5F5E1FC1F209AA8002C611E /* CoreDataManager.swift in Sources */ = {isa = PBXBuildFile; fileRef = A5F5E1F81F209AA8002C611E /* CoreDataManager.swift */; };
		A5F5E1FD1F209AA8002C611E /* DatabaseManager.swift in Sources */ = {isa = PBXBuildFile; fileRef = A5F5E1F91F209AA8002C611E /* DatabaseManager.swift */; };
		A5F5E1FF1F209AA8002C611E /* SoundLoader.swift in Sources */ = {isa = PBXBuildFile; fileRef = A5F5E1FB1F209AA8002C611E /* SoundLoader.swift */; };
		A5F5E20B1F209AE3002C611E /* SoundDetailInfo+CoreDataProperties.swift in Sources */ = {isa = PBXBuildFile; fileRef = A5F5E2021F209AE3002C611E /* SoundDetailInfo+CoreDataProperties.swift */; };
		A5F5E20C1F209AE3002C611E /* SoundDetailInfo.swift in Sources */ = {isa = PBXBuildFile; fileRef = A5F5E2031F209AE3002C611E /* SoundDetailInfo.swift */; };
		A5F5E20E1F209AE3002C611E /* SoundInfo+CoreDataProperties.swift in Sources */ = {isa = PBXBuildFile; fileRef = A5F5E2051F209AE3002C611E /* SoundInfo+CoreDataProperties.swift */; };
		A5F5E20F1F209AE3002C611E /* SoundInfo.swift in Sources */ = {isa = PBXBuildFile; fileRef = A5F5E2061F209AE3002C611E /* SoundInfo.swift */; };
		A5F5E2101F209AE3002C611E /* Tag+CoreDataProperties.swift in Sources */ = {isa = PBXBuildFile; fileRef = A5F5E2071F209AE3002C611E /* Tag+CoreDataProperties.swift */; };
		A5F5E2111F209AE3002C611E /* Tag.swift in Sources */ = {isa = PBXBuildFile; fileRef = A5F5E2081F209AE3002C611E /* Tag.swift */; };
		A5F5E2121F209AE3002C611E /* User.swift in Sources */ = {isa = PBXBuildFile; fileRef = A5F5E2091F209AE3002C611E /* User.swift */; };
		A5F5E2131F209AE3002C611E /* SearchResult.swift in Sources */ = {isa = PBXBuildFile; fileRef = A5F5E20A1F209AE3002C611E /* SearchResult.swift */; };
		A5F5E2191F209C67002C611E /* Constants.swift in Sources */ = {isa = PBXBuildFile; fileRef = A5F5E2151F209C67002C611E /* Constants.swift */; };
		A5F5E21A1F209C67002C611E /* Dictionary+HTTPParameters.swift in Sources */ = {isa = PBXBuildFile; fileRef = A5F5E2161F209C67002C611E /* Dictionary+HTTPParameters.swift */; };
		A5F5E21B1F209C67002C611E /* ResourcePathManager.swift in Sources */ = {isa = PBXBuildFile; fileRef = A5F5E2171F209C67002C611E /* ResourcePathManager.swift */; };
		A5F5E21C1F209C67002C611E /* String+PathConstructable.swift in Sources */ = {isa = PBXBuildFile; fileRef = A5F5E2181F209C67002C611E /* String+PathConstructable.swift */; };
		A5F5E23B1F209FAD002C611E /* SearchOptionsController.swift in Sources */ = {isa = PBXBuildFile; fileRef = A5F5E22A1F209FAD002C611E /* SearchOptionsController.swift */; };
		A5F5E23C1F209FAD002C611E /* SearchOptionsCell.swift in Sources */ = {isa = PBXBuildFile; fileRef = A5F5E22C1F209FAD002C611E /* SearchOptionsCell.swift */; };
		A5F5E23D1F209FAD002C611E /* SoundDetailViewController.swift in Sources */ = {isa = PBXBuildFile; fileRef = A5F5E22F1F209FAD002C611E /* SoundDetailViewController.swift */; };
		A5F5E23E1F209FAD002C611E /* MetaInfoCell.swift in Sources */ = {isa = PBXBuildFile; fileRef = A5F5E2311F209FAD002C611E /* MetaInfoCell.swift */; };
		A5F5E23F1F209FAD002C611E /* SoundDescriptionCell.swift in Sources */ = {isa = PBXBuildFile; fileRef = A5F5E2321F209FAD002C611E /* SoundDescriptionCell.swift */; };
		A5F5E2401F209FAD002C611E /* SoundTagsCell.swift in Sources */ = {isa = PBXBuildFile; fileRef = A5F5E2331F209FAD002C611E /* SoundTagsCell.swift */; };
		A5F5E2411F209FAD002C611E /* SoundTitleCell.swift in Sources */ = {isa = PBXBuildFile; fileRef = A5F5E2341F209FAD002C611E /* SoundTitleCell.swift */; };
		A5F5E2421F209FAD002C611E /* DescriptionViewController.swift in Sources */ = {isa = PBXBuildFile; fileRef = A5F5E2371F209FAD002C611E /* DescriptionViewController.swift */; };
		A5F5E2431F209FAD002C611E /* SoundListViewController.swift in Sources */ = {isa = PBXBuildFile; fileRef = A5F5E2381F209FAD002C611E /* SoundListViewController.swift */; };
		A5F5E2441F209FAD002C611E /* SoundInfoCell.swift in Sources */ = {isa = PBXBuildFile; fileRef = A5F5E23A1F209FAD002C611E /* SoundInfoCell.swift */; };
		A5F5E2471F20A1A3002C611E /* AppDelegate.swift in Sources */ = {isa = PBXBuildFile; fileRef = A5F5E2461F20A1A3002C611E /* AppDelegate.swift */; };
		A5F5E25A1F20A384002C611E /* Assets.xcassets in Resources */ = {isa = PBXBuildFile; fileRef = A5F5E2561F20A384002C611E /* Assets.xcassets */; };
		A5F5E25B1F20A384002C611E /* FreeSound.xcdatamodeld in Sources */ = {isa = PBXBuildFile; fileRef = A5F5E2581F20A384002C611E /* FreeSound.xcdatamodeld */; };
		A5F5E25F1F20A412002C611E /* Info.plist in Resources */ = {isa = PBXBuildFile; fileRef = A5F5E25E1F20A412002C611E /* Info.plist */; };
		A5F5E2621F20ADF3002C611E /* Comment+CoreDataClass.swift in Sources */ = {isa = PBXBuildFile; fileRef = A5F5E2601F20ADF3002C611E /* Comment+CoreDataClass.swift */; };
		A5F5E2631F20ADF3002C611E /* Comment+CoreDataProperties.swift in Sources */ = {isa = PBXBuildFile; fileRef = A5F5E2611F20ADF3002C611E /* Comment+CoreDataProperties.swift */; };
		A5F5E2651F20C44B002C611E /* CommentCell.swift in Sources */ = {isa = PBXBuildFile; fileRef = A5F5E2641F20C44B002C611E /* CommentCell.swift */; };
		A5F5E2671F20F5F4002C611E /* KeyboardInputBar.swift in Sources */ = {isa = PBXBuildFile; fileRef = A5F5E2661F20F5F4002C611E /* KeyboardInputBar.swift */; };
		A5F5E2691F210284002C611E /* LeftMenu.storyboard in Resources */ = {isa = PBXBuildFile; fileRef = A5F5E2681F210284002C611E /* LeftMenu.storyboard */; };
		A5F5E26B1F210383002C611E /* MenuRoot.storyboard in Resources */ = {isa = PBXBuildFile; fileRef = A5F5E26A1F210383002C611E /* MenuRoot.storyboard */; };
		A5F5E26D1F2105F8002C611E /* SoundList.storyboard in Resources */ = {isa = PBXBuildFile; fileRef = A5F5E26C1F2105F8002C611E /* SoundList.storyboard */; };
		A5F5E2701F2107E8002C611E /* Profile.storyboard in Resources */ = {isa = PBXBuildFile; fileRef = A5F5E26F1F2107E8002C611E /* Profile.storyboard */; };
		A5F5E2721F210C1B002C611E /* SoundDetail.storyboard in Resources */ = {isa = PBXBuildFile; fileRef = A5F5E2711F210C1B002C611E /* SoundDetail.storyboard */; };
		D2B5099E1CE9D62C00302ED2 /* CoreData.framework in Frameworks */ = {isa = PBXBuildFile; fileRef = D2B5099D1CE9D62C00302ED2 /* CoreData.framework */; };
		E97BA9796BC76E32676909AE /* Pods_FreeSound.framework in Frameworks */ = {isa = PBXBuildFile; fileRef = 212323CE25162754FE2CF190 /* Pods_FreeSound.framework */; };
/* End PBXBuildFile section */

/* Begin PBXFileReference section */
		212323CE25162754FE2CF190 /* Pods_FreeSound.framework */ = {isa = PBXFileReference; explicitFileType = wrapper.framework; includeInIndex = 0; path = Pods_FreeSound.framework; sourceTree = BUILT_PRODUCTS_DIR; };
		4B4E927B89794D3F6F97A723 /* Pods-FreeSound.release.xcconfig */ = {isa = PBXFileReference; includeInIndex = 1; lastKnownFileType = text.xcconfig; name = "Pods-FreeSound.release.xcconfig"; path = "Pods/Target Support Files/Pods-FreeSound/Pods-FreeSound.release.xcconfig"; sourceTree = "<group>"; };
		A542441720064DA500C7B697 /* AuthorCell.swift */ = {isa = PBXFileReference; lastKnownFileType = sourcecode.swift; path = AuthorCell.swift; sourceTree = "<group>"; };
		A542441820064DA500C7B697 /* AuthorCell.xib */ = {isa = PBXFileReference; lastKnownFileType = file.xib; path = AuthorCell.xib; sourceTree = "<group>"; };
		A542441B200650D200C7B697 /* Navigation.swift */ = {isa = PBXFileReference; lastKnownFileType = sourcecode.swift; path = Navigation.swift; sourceTree = "<group>"; };
		A5556CBD1F0E40FA00051AE0 /* AVFoundation.framework */ = {isa = PBXFileReference; lastKnownFileType = wrapper.framework; name = AVFoundation.framework; path = System/Library/Frameworks/AVFoundation.framework; sourceTree = SDKROOT; };
		A5F5E1BB1F209900002C611E /* CommentsController.swift */ = {isa = PBXFileReference; fileEncoding = 4; lastKnownFileType = sourcecode.swift; path = CommentsController.swift; sourceTree = "<group>"; };
		A5F5E1BF1F209900002C611E /* TagCell.swift */ = {isa = PBXFileReference; fileEncoding = 4; lastKnownFileType = sourcecode.swift; path = TagCell.swift; sourceTree = "<group>"; };
		A5F5E1C01F209900002C611E /* TagCell.xib */ = {isa = PBXFileReference; fileEncoding = 4; lastKnownFileType = file.xib; path = TagCell.xib; sourceTree = "<group>"; };
		A5F5E1C11F209900002C611E /* TagsView.swift */ = {isa = PBXFileReference; fileEncoding = 4; lastKnownFileType = sourcecode.swift; path = TagsView.swift; sourceTree = "<group>"; };
		A5F5E1C31F209900002C611E /* LaunchScreen.storyboard */ = {isa = PBXFileReference; fileEncoding = 4; lastKnownFileType = file.storyboard; path = LaunchScreen.storyboard; sourceTree = "<group>"; };
		A5F5E1C61F209900002C611E /* AuthViewController.swift */ = {isa = PBXFileReference; fileEncoding = 4; lastKnownFileType = sourcecode.swift; path = AuthViewController.swift; sourceTree = "<group>"; };
		A5F5E1C71F209900002C611E /* LoginViewController.swift */ = {isa = PBXFileReference; fileEncoding = 4; lastKnownFileType = sourcecode.swift; path = LoginViewController.swift; sourceTree = "<group>"; };
		A5F5E1C91F209900002C611E /* Login.storyboard */ = {isa = PBXFileReference; fileEncoding = 4; lastKnownFileType = file.storyboard; path = Login.storyboard; sourceTree = "<group>"; };
		A5F5E1CC1F209900002C611E /* SoundMapController.swift */ = {isa = PBXFileReference; fileEncoding = 4; lastKnownFileType = sourcecode.swift; path = SoundMapController.swift; sourceTree = "<group>"; };
		A5F5E1D01F209900002C611E /* LeftMenuViewController.swift */ = {isa = PBXFileReference; fileEncoding = 4; lastKnownFileType = sourcecode.swift; path = LeftMenuViewController.swift; sourceTree = "<group>"; };
		A5F5E1D11F209900002C611E /* MenuRootViewController.swift */ = {isa = PBXFileReference; fileEncoding = 4; lastKnownFileType = sourcecode.swift; path = MenuRootViewController.swift; sourceTree = "<group>"; };
		A5F5E1D51F209900002C611E /* SoundPlayerController.swift */ = {isa = PBXFileReference; fileEncoding = 4; lastKnownFileType = sourcecode.swift; path = SoundPlayerController.swift; sourceTree = "<group>"; };
		A5F5E1D71F209900002C611E /* SoundPlayerView.swift */ = {isa = PBXFileReference; fileEncoding = 4; lastKnownFileType = sourcecode.swift; path = SoundPlayerView.swift; sourceTree = "<group>"; };
		A5F5E1DA1F209900002C611E /* ProfileViewController.swift */ = {isa = PBXFileReference; fileEncoding = 4; lastKnownFileType = sourcecode.swift; path = ProfileViewController.swift; sourceTree = "<group>"; };
		A5F5E1F61F2099EC002C611E /* FreesoundService.swift */ = {isa = PBXFileReference; fileEncoding = 4; lastKnownFileType = sourcecode.swift; path = FreesoundService.swift; sourceTree = "<group>"; };
		A5F5E1F81F209AA8002C611E /* CoreDataManager.swift */ = {isa = PBXFileReference; fileEncoding = 4; lastKnownFileType = sourcecode.swift; path = CoreDataManager.swift; sourceTree = "<group>"; };
		A5F5E1F91F209AA8002C611E /* DatabaseManager.swift */ = {isa = PBXFileReference; fileEncoding = 4; lastKnownFileType = sourcecode.swift; path = DatabaseManager.swift; sourceTree = "<group>"; };
		A5F5E1FB1F209AA8002C611E /* SoundLoader.swift */ = {isa = PBXFileReference; fileEncoding = 4; lastKnownFileType = sourcecode.swift; path = SoundLoader.swift; sourceTree = "<group>"; };
		A5F5E2021F209AE3002C611E /* SoundDetailInfo+CoreDataProperties.swift */ = {isa = PBXFileReference; fileEncoding = 4; lastKnownFileType = sourcecode.swift; path = "SoundDetailInfo+CoreDataProperties.swift"; sourceTree = "<group>"; };
		A5F5E2031F209AE3002C611E /* SoundDetailInfo.swift */ = {isa = PBXFileReference; fileEncoding = 4; lastKnownFileType = sourcecode.swift; path = SoundDetailInfo.swift; sourceTree = "<group>"; };
		A5F5E2051F209AE3002C611E /* SoundInfo+CoreDataProperties.swift */ = {isa = PBXFileReference; fileEncoding = 4; lastKnownFileType = sourcecode.swift; path = "SoundInfo+CoreDataProperties.swift"; sourceTree = "<group>"; };
		A5F5E2061F209AE3002C611E /* SoundInfo.swift */ = {isa = PBXFileReference; fileEncoding = 4; lastKnownFileType = sourcecode.swift; path = SoundInfo.swift; sourceTree = "<group>"; };
		A5F5E2071F209AE3002C611E /* Tag+CoreDataProperties.swift */ = {isa = PBXFileReference; fileEncoding = 4; lastKnownFileType = sourcecode.swift; path = "Tag+CoreDataProperties.swift"; sourceTree = "<group>"; };
		A5F5E2081F209AE3002C611E /* Tag.swift */ = {isa = PBXFileReference; fileEncoding = 4; lastKnownFileType = sourcecode.swift; path = Tag.swift; sourceTree = "<group>"; };
		A5F5E2091F209AE3002C611E /* User.swift */ = {isa = PBXFileReference; fileEncoding = 4; lastKnownFileType = sourcecode.swift; path = User.swift; sourceTree = "<group>"; };
		A5F5E20A1F209AE3002C611E /* SearchResult.swift */ = {isa = PBXFileReference; fileEncoding = 4; lastKnownFileType = sourcecode.swift; path = SearchResult.swift; sourceTree = "<group>"; };
		A5F5E2151F209C67002C611E /* Constants.swift */ = {isa = PBXFileReference; fileEncoding = 4; lastKnownFileType = sourcecode.swift; path = Constants.swift; sourceTree = "<group>"; };
		A5F5E2161F209C67002C611E /* Dictionary+HTTPParameters.swift */ = {isa = PBXFileReference; fileEncoding = 4; lastKnownFileType = sourcecode.swift; path = "Dictionary+HTTPParameters.swift"; sourceTree = "<group>"; };
		A5F5E2171F209C67002C611E /* ResourcePathManager.swift */ = {isa = PBXFileReference; fileEncoding = 4; lastKnownFileType = sourcecode.swift; path = ResourcePathManager.swift; sourceTree = "<group>"; };
		A5F5E2181F209C67002C611E /* String+PathConstructable.swift */ = {isa = PBXFileReference; fileEncoding = 4; lastKnownFileType = sourcecode.swift; path = "String+PathConstructable.swift"; sourceTree = "<group>"; };
		A5F5E22A1F209FAD002C611E /* SearchOptionsController.swift */ = {isa = PBXFileReference; fileEncoding = 4; lastKnownFileType = sourcecode.swift; path = SearchOptionsController.swift; sourceTree = "<group>"; };
		A5F5E22C1F209FAD002C611E /* SearchOptionsCell.swift */ = {isa = PBXFileReference; fileEncoding = 4; lastKnownFileType = sourcecode.swift; path = SearchOptionsCell.swift; sourceTree = "<group>"; };
		A5F5E22F1F209FAD002C611E /* SoundDetailViewController.swift */ = {isa = PBXFileReference; fileEncoding = 4; lastKnownFileType = sourcecode.swift; path = SoundDetailViewController.swift; sourceTree = "<group>"; };
		A5F5E2311F209FAD002C611E /* MetaInfoCell.swift */ = {isa = PBXFileReference; fileEncoding = 4; lastKnownFileType = sourcecode.swift; path = MetaInfoCell.swift; sourceTree = "<group>"; };
		A5F5E2321F209FAD002C611E /* SoundDescriptionCell.swift */ = {isa = PBXFileReference; fileEncoding = 4; lastKnownFileType = sourcecode.swift; path = SoundDescriptionCell.swift; sourceTree = "<group>"; };
		A5F5E2331F209FAD002C611E /* SoundTagsCell.swift */ = {isa = PBXFileReference; fileEncoding = 4; lastKnownFileType = sourcecode.swift; path = SoundTagsCell.swift; sourceTree = "<group>"; };
		A5F5E2341F209FAD002C611E /* SoundTitleCell.swift */ = {isa = PBXFileReference; fileEncoding = 4; lastKnownFileType = sourcecode.swift; path = SoundTitleCell.swift; sourceTree = "<group>"; };
		A5F5E2371F209FAD002C611E /* DescriptionViewController.swift */ = {isa = PBXFileReference; fileEncoding = 4; lastKnownFileType = sourcecode.swift; path = DescriptionViewController.swift; sourceTree = "<group>"; };
		A5F5E2381F209FAD002C611E /* SoundListViewController.swift */ = {isa = PBXFileReference; fileEncoding = 4; lastKnownFileType = sourcecode.swift; path = SoundListViewController.swift; sourceTree = "<group>"; };
		A5F5E23A1F209FAD002C611E /* SoundInfoCell.swift */ = {isa = PBXFileReference; fileEncoding = 4; lastKnownFileType = sourcecode.swift; path = SoundInfoCell.swift; sourceTree = "<group>"; };
		A5F5E2461F20A1A3002C611E /* AppDelegate.swift */ = {isa = PBXFileReference; fileEncoding = 4; lastKnownFileType = sourcecode.swift; path = AppDelegate.swift; sourceTree = "<group>"; };
		A5F5E2561F20A384002C611E /* Assets.xcassets */ = {isa = PBXFileReference; lastKnownFileType = folder.assetcatalog; path = Assets.xcassets; sourceTree = "<group>"; };
		A5F5E2591F20A384002C611E /* FreeSound.xcdatamodel */ = {isa = PBXFileReference; lastKnownFileType = wrapper.xcdatamodel; path = FreeSound.xcdatamodel; sourceTree = "<group>"; };
		A5F5E25E1F20A412002C611E /* Info.plist */ = {isa = PBXFileReference; fileEncoding = 4; lastKnownFileType = text.plist.xml; path = Info.plist; sourceTree = "<group>"; };
		A5F5E2601F20ADF3002C611E /* Comment+CoreDataClass.swift */ = {isa = PBXFileReference; fileEncoding = 4; lastKnownFileType = sourcecode.swift; path = "Comment+CoreDataClass.swift"; sourceTree = "<group>"; };
		A5F5E2611F20ADF3002C611E /* Comment+CoreDataProperties.swift */ = {isa = PBXFileReference; fileEncoding = 4; lastKnownFileType = sourcecode.swift; path = "Comment+CoreDataProperties.swift"; sourceTree = "<group>"; };
		A5F5E2641F20C44B002C611E /* CommentCell.swift */ = {isa = PBXFileReference; fileEncoding = 4; lastKnownFileType = sourcecode.swift; path = CommentCell.swift; sourceTree = "<group>"; };
		A5F5E2661F20F5F4002C611E /* KeyboardInputBar.swift */ = {isa = PBXFileReference; fileEncoding = 4; lastKnownFileType = sourcecode.swift; path = KeyboardInputBar.swift; sourceTree = "<group>"; };
		A5F5E2681F210284002C611E /* LeftMenu.storyboard */ = {isa = PBXFileReference; fileEncoding = 4; lastKnownFileType = file.storyboard; path = LeftMenu.storyboard; sourceTree = "<group>"; };
		A5F5E26A1F210383002C611E /* MenuRoot.storyboard */ = {isa = PBXFileReference; fileEncoding = 4; lastKnownFileType = file.storyboard; path = MenuRoot.storyboard; sourceTree = "<group>"; };
		A5F5E26C1F2105F8002C611E /* SoundList.storyboard */ = {isa = PBXFileReference; fileEncoding = 4; lastKnownFileType = file.storyboard; path = SoundList.storyboard; sourceTree = "<group>"; };
		A5F5E26F1F2107E8002C611E /* Profile.storyboard */ = {isa = PBXFileReference; fileEncoding = 4; lastKnownFileType = file.storyboard; path = Profile.storyboard; sourceTree = "<group>"; };
		A5F5E2711F210C1B002C611E /* SoundDetail.storyboard */ = {isa = PBXFileReference; fileEncoding = 4; lastKnownFileType = file.storyboard; path = SoundDetail.storyboard; sourceTree = "<group>"; };
		C5E7DFB2C3AE31663FB3EBFC /* Pods-FreeSound.debug.xcconfig */ = {isa = PBXFileReference; includeInIndex = 1; lastKnownFileType = text.xcconfig; name = "Pods-FreeSound.debug.xcconfig"; path = "Pods/Target Support Files/Pods-FreeSound/Pods-FreeSound.debug.xcconfig"; sourceTree = "<group>"; };
		D210FD8E1CDBD8A500ACE18A /* FreeSound.app */ = {isa = PBXFileReference; explicitFileType = wrapper.application; includeInIndex = 0; path = FreeSound.app; sourceTree = BUILT_PRODUCTS_DIR; };
		D2B5099D1CE9D62C00302ED2 /* CoreData.framework */ = {isa = PBXFileReference; lastKnownFileType = wrapper.framework; name = CoreData.framework; path = System/Library/Frameworks/CoreData.framework; sourceTree = SDKROOT; };
/* End PBXFileReference section */

/* Begin PBXFrameworksBuildPhase section */
		D210FD8B1CDBD8A500ACE18A /* Frameworks */ = {
			isa = PBXFrameworksBuildPhase;
			buildActionMask = 2147483647;
			files = (
				A5556CBE1F0E40FA00051AE0 /* AVFoundation.framework in Frameworks */,
				D2B5099E1CE9D62C00302ED2 /* CoreData.framework in Frameworks */,
				E97BA9796BC76E32676909AE /* Pods_FreeSound.framework in Frameworks */,
			);
			runOnlyForDeploymentPostprocessing = 0;
		};
/* End PBXFrameworksBuildPhase section */

/* Begin PBXGroup section */
		54A2A515C9254EAC91DD3BB5 /* Frameworks */ = {
			isa = PBXGroup;
			children = (
				A5556CBD1F0E40FA00051AE0 /* AVFoundation.framework */,
				D2B5099D1CE9D62C00302ED2 /* CoreData.framework */,
				212323CE25162754FE2CF190 /* Pods_FreeSound.framework */,
			);
			name = Frameworks;
			sourceTree = "<group>";
		};
		6C82DEEF8D0F8A3CF4CF6FC5 /* Pods */ = {
			isa = PBXGroup;
			children = (
				C5E7DFB2C3AE31663FB3EBFC /* Pods-FreeSound.debug.xcconfig */,
				4B4E927B89794D3F6F97A723 /* Pods-FreeSound.release.xcconfig */,
			);
			name = Pods;
			sourceTree = "<group>";
		};
		A53D9FC01F1F83290066A588 /* Classes */ = {
			isa = PBXGroup;
			children = (
				A5F5E2451F20A1A3002C611E /* AppDelegate */,
				A5F5E2141F209C67002C611E /* Helper */,
				A5F5E2001F209AE3002C611E /* Model */,
				A5F5E1B81F209900002C611E /* Screen */,
				A5F5E1F51F2099EC002C611E /* Service */,
			);
			name = Classes;
			sourceTree = "<group>";
		};
		A5F5E1B81F209900002C611E /* Screen */ = {
			isa = PBXGroup;
			children = (
				A5F5E1B91F209900002C611E /* Comment */,
				A5F5E1BD1F209900002C611E /* Custom */,
				A5F5E1C21F209900002C611E /* Launch */,
				A5F5E1C41F209900002C611E /* Login */,
				A5F5E1CA1F209900002C611E /* Map */,
				A5F5E1CE1F209900002C611E /* Menu */,
				A5F5E1D31F209900002C611E /* Player */,
				A5F5E1D81F209900002C611E /* Profile */,
				A5F5E2271F209FAD002C611E /* Sounds */,
			);
			name = Screen;
			path = Classes/Screen;
			sourceTree = "<group>";
		};
		A5F5E1B91F209900002C611E /* Comment */ = {
			isa = PBXGroup;
			children = (
				A5F5E1BA1F209900002C611E /* Controller */,
				A5F5E1BC1F209900002C611E /* View */,
			);
			path = Comment;
			sourceTree = "<group>";
		};
		A5F5E1BA1F209900002C611E /* Controller */ = {
			isa = PBXGroup;
			children = (
				A5F5E1BB1F209900002C611E /* CommentsController.swift */,
			);
			path = Controller;
			sourceTree = "<group>";
		};
		A5F5E1BC1F209900002C611E /* View */ = {
			isa = PBXGroup;
			children = (
				A5F5E2641F20C44B002C611E /* CommentCell.swift */,
				A5F5E2661F20F5F4002C611E /* KeyboardInputBar.swift */,
			);
			path = View;
			sourceTree = "<group>";
		};
		A5F5E1BD1F209900002C611E /* Custom */ = {
			isa = PBXGroup;
			children = (
				A5F5E1BE1F209900002C611E /* View */,
			);
			path = Custom;
			sourceTree = "<group>";
		};
		A5F5E1BE1F209900002C611E /* View */ = {
			isa = PBXGroup;
			children = (
				A5F5E1BF1F209900002C611E /* TagCell.swift */,
				A5F5E1C01F209900002C611E /* TagCell.xib */,
				A5F5E1C11F209900002C611E /* TagsView.swift */,
			);
			path = View;
			sourceTree = "<group>";
		};
		A5F5E1C21F209900002C611E /* Launch */ = {
			isa = PBXGroup;
			children = (
				A5F5E1C31F209900002C611E /* LaunchScreen.storyboard */,
			);
			path = Launch;
			sourceTree = "<group>";
		};
		A5F5E1C41F209900002C611E /* Login */ = {
			isa = PBXGroup;
			children = (
				A5F5E1C51F209900002C611E /* Controller */,
				A5F5E1C81F209900002C611E /* View */,
			);
			path = Login;
			sourceTree = "<group>";
		};
		A5F5E1C51F209900002C611E /* Controller */ = {
			isa = PBXGroup;
			children = (
				A5F5E1C61F209900002C611E /* AuthViewController.swift */,
				A5F5E1C71F209900002C611E /* LoginViewController.swift */,
			);
			path = Controller;
			sourceTree = "<group>";
		};
		A5F5E1C81F209900002C611E /* View */ = {
			isa = PBXGroup;
			children = (
				A5F5E1C91F209900002C611E /* Login.storyboard */,
			);
			path = View;
			sourceTree = "<group>";
		};
		A5F5E1CA1F209900002C611E /* Map */ = {
			isa = PBXGroup;
			children = (
				A5F5E1CB1F209900002C611E /* Controller */,
				A5F5E1CD1F209900002C611E /* View */,
			);
			path = Map;
			sourceTree = "<group>";
		};
		A5F5E1CB1F209900002C611E /* Controller */ = {
			isa = PBXGroup;
			children = (
				A5F5E1CC1F209900002C611E /* SoundMapController.swift */,
			);
			path = Controller;
			sourceTree = "<group>";
		};
		A5F5E1CD1F209900002C611E /* View */ = {
			isa = PBXGroup;
			children = (
			);
			path = View;
			sourceTree = "<group>";
		};
		A5F5E1CE1F209900002C611E /* Menu */ = {
			isa = PBXGroup;
			children = (
				A5F5E1CF1F209900002C611E /* Controller */,
				A5F5E1D21F209900002C611E /* View */,
			);
			path = Menu;
			sourceTree = "<group>";
		};
		A5F5E1CF1F209900002C611E /* Controller */ = {
			isa = PBXGroup;
			children = (
				A5F5E1D01F209900002C611E /* LeftMenuViewController.swift */,
				A5F5E1D11F209900002C611E /* MenuRootViewController.swift */,
			);
			path = Controller;
			sourceTree = "<group>";
		};
		A5F5E1D21F209900002C611E /* View */ = {
			isa = PBXGroup;
			children = (
				A5F5E2681F210284002C611E /* LeftMenu.storyboard */,
				A5F5E26A1F210383002C611E /* MenuRoot.storyboard */,
			);
			path = View;
			sourceTree = "<group>";
		};
		A5F5E1D31F209900002C611E /* Player */ = {
			isa = PBXGroup;
			children = (
				A5F5E1D41F209900002C611E /* Controller */,
				A5F5E1D61F209900002C611E /* View */,
			);
			path = Player;
			sourceTree = "<group>";
		};
		A5F5E1D41F209900002C611E /* Controller */ = {
			isa = PBXGroup;
			children = (
				A5F5E1D51F209900002C611E /* SoundPlayerController.swift */,
			);
			path = Controller;
			sourceTree = "<group>";
		};
		A5F5E1D61F209900002C611E /* View */ = {
			isa = PBXGroup;
			children = (
				A5F5E1D71F209900002C611E /* SoundPlayerView.swift */,
			);
			path = View;
			sourceTree = "<group>";
		};
		A5F5E1D81F209900002C611E /* Profile */ = {
			isa = PBXGroup;
			children = (
				A5F5E1D91F209900002C611E /* Controller */,
				A5F5E1DB1F209900002C611E /* View */,
			);
			path = Profile;
			sourceTree = "<group>";
		};
		A5F5E1D91F209900002C611E /* Controller */ = {
			isa = PBXGroup;
			children = (
				A5F5E1DA1F209900002C611E /* ProfileViewController.swift */,
			);
			path = Controller;
			sourceTree = "<group>";
		};
		A5F5E1DB1F209900002C611E /* View */ = {
			isa = PBXGroup;
			children = (
				A5F5E26F1F2107E8002C611E /* Profile.storyboard */,
			);
			path = View;
			sourceTree = "<group>";
		};
		A5F5E1F51F2099EC002C611E /* Service */ = {
			isa = PBXGroup;
			children = (
				A5F5E1F81F209AA8002C611E /* CoreDataManager.swift */,
				A5F5E1F91F209AA8002C611E /* DatabaseManager.swift */,
				A5F5E1F61F2099EC002C611E /* FreesoundService.swift */,
				A5F5E1FB1F209AA8002C611E /* SoundLoader.swift */,
			);
			name = Service;
			path = Classes/Service;
			sourceTree = "<group>";
		};
		A5F5E2001F209AE3002C611E /* Model */ = {
			isa = PBXGroup;
			children = (
				A5F5E2011F209AE3002C611E /* CoreData */,
				A5F5E20A1F209AE3002C611E /* SearchResult.swift */,
			);
			name = Model;
			path = Classes/Model;
			sourceTree = "<group>";
		};
		A5F5E2011F209AE3002C611E /* CoreData */ = {
			isa = PBXGroup;
			children = (
				A5F5E2601F20ADF3002C611E /* Comment+CoreDataClass.swift */,
				A5F5E2611F20ADF3002C611E /* Comment+CoreDataProperties.swift */,
				A5F5E2031F209AE3002C611E /* SoundDetailInfo.swift */,
				A5F5E2021F209AE3002C611E /* SoundDetailInfo+CoreDataProperties.swift */,
				A5F5E2061F209AE3002C611E /* SoundInfo.swift */,
				A5F5E2051F209AE3002C611E /* SoundInfo+CoreDataProperties.swift */,
				A5F5E2081F209AE3002C611E /* Tag.swift */,
				A5F5E2071F209AE3002C611E /* Tag+CoreDataProperties.swift */,
				A5F5E2091F209AE3002C611E /* User.swift */,
			);
			path = CoreData;
			sourceTree = "<group>";
		};
		A5F5E2141F209C67002C611E /* Helper */ = {
			isa = PBXGroup;
			children = (
				A5F5E2151F209C67002C611E /* Constants.swift */,
				A5F5E2161F209C67002C611E /* Dictionary+HTTPParameters.swift */,
				A542441B200650D200C7B697 /* Navigation.swift */,
				A5F5E2171F209C67002C611E /* ResourcePathManager.swift */,
				A5F5E2181F209C67002C611E /* String+PathConstructable.swift */,
			);
			name = Helper;
			path = Classes/Helper;
			sourceTree = "<group>";
		};
		A5F5E2271F209FAD002C611E /* Sounds */ = {
			isa = PBXGroup;
			children = (
				A5F5E2281F209FAD002C611E /* SearchOptions */,
				A5F5E22D1F209FAD002C611E /* SoundDetail */,
				A5F5E2351F209FAD002C611E /* SoundList */,
			);
			path = Sounds;
			sourceTree = "<group>";
		};
		A5F5E2281F209FAD002C611E /* SearchOptions */ = {
			isa = PBXGroup;
			children = (
				A5F5E2291F209FAD002C611E /* Controller */,
				A5F5E22B1F209FAD002C611E /* View */,
			);
			path = SearchOptions;
			sourceTree = "<group>";
		};
		A5F5E2291F209FAD002C611E /* Controller */ = {
			isa = PBXGroup;
			children = (
				A5F5E22A1F209FAD002C611E /* SearchOptionsController.swift */,
			);
			path = Controller;
			sourceTree = "<group>";
		};
		A5F5E22B1F209FAD002C611E /* View */ = {
			isa = PBXGroup;
			children = (
				A5F5E22C1F209FAD002C611E /* SearchOptionsCell.swift */,
			);
			path = View;
			sourceTree = "<group>";
		};
		A5F5E22D1F209FAD002C611E /* SoundDetail */ = {
			isa = PBXGroup;
			children = (
				A5F5E22E1F209FAD002C611E /* Controller */,
				A5F5E2301F209FAD002C611E /* View */,
			);
			path = SoundDetail;
			sourceTree = "<group>";
		};
		A5F5E22E1F209FAD002C611E /* Controller */ = {
			isa = PBXGroup;
			children = (
				A5F5E22F1F209FAD002C611E /* SoundDetailViewController.swift */,
			);
			path = Controller;
			sourceTree = "<group>";
		};
		A5F5E2301F209FAD002C611E /* View */ = {
			isa = PBXGroup;
			children = (
				A5F5E2311F209FAD002C611E /* MetaInfoCell.swift */,
				A5F5E2321F209FAD002C611E /* SoundDescriptionCell.swift */,
				A5F5E2331F209FAD002C611E /* SoundTagsCell.swift */,
				A5F5E2341F209FAD002C611E /* SoundTitleCell.swift */,
				A5F5E2711F210C1B002C611E /* SoundDetail.storyboard */,
				A542441720064DA500C7B697 /* AuthorCell.swift */,
				A542441820064DA500C7B697 /* AuthorCell.xib */,
			);
			path = View;
			sourceTree = "<group>";
		};
		A5F5E2351F209FAD002C611E /* SoundList */ = {
			isa = PBXGroup;
			children = (
				A5F5E2361F209FAD002C611E /* Controller */,
				A5F5E2391F209FAD002C611E /* View */,
			);
			path = SoundList;
			sourceTree = "<group>";
		};
		A5F5E2361F209FAD002C611E /* Controller */ = {
			isa = PBXGroup;
			children = (
				A5F5E2371F209FAD002C611E /* DescriptionViewController.swift */,
				A5F5E2381F209FAD002C611E /* SoundListViewController.swift */,
			);
			path = Controller;
			sourceTree = "<group>";
		};
		A5F5E2391F209FAD002C611E /* View */ = {
			isa = PBXGroup;
			children = (
				A5F5E23A1F209FAD002C611E /* SoundInfoCell.swift */,
				A5F5E26C1F2105F8002C611E /* SoundList.storyboard */,
			);
			path = View;
			sourceTree = "<group>";
		};
		A5F5E2451F20A1A3002C611E /* AppDelegate */ = {
			isa = PBXGroup;
			children = (
				A5F5E2461F20A1A3002C611E /* AppDelegate.swift */,
			);
			name = AppDelegate;
			path = Classes/AppDelegate;
			sourceTree = "<group>";
		};
		A5F5E2491F20A228002C611E /* Resources */ = {
			isa = PBXGroup;
			children = (
				A5F5E2551F20A384002C611E /* Assets */,
				A5F5E2571F20A384002C611E /* Database */,
				A5F5E2531F20A32C002C611E /* Plist */,
			);
			path = Resources;
			sourceTree = "<group>";
		};
		A5F5E2531F20A32C002C611E /* Plist */ = {
			isa = PBXGroup;
			children = (
				A5F5E25E1F20A412002C611E /* Info.plist */,
			);
			name = Plist;
			sourceTree = "<group>";
		};
		A5F5E2551F20A384002C611E /* Assets */ = {
			isa = PBXGroup;
			children = (
				A5F5E2561F20A384002C611E /* Assets.xcassets */,
			);
			path = Assets;
			sourceTree = "<group>";
		};
		A5F5E2571F20A384002C611E /* Database */ = {
			isa = PBXGroup;
			children = (
				A5F5E2581F20A384002C611E /* FreeSound.xcdatamodeld */,
			);
			path = Database;
			sourceTree = "<group>";
		};
		D210FD851CDBD8A500ACE18A = {
			isa = PBXGroup;
			children = (
				54A2A515C9254EAC91DD3BB5 /* Frameworks */,
				D210FD901CDBD8A500ACE18A /* FreeSound */,
				6C82DEEF8D0F8A3CF4CF6FC5 /* Pods */,
				D210FD8F1CDBD8A500ACE18A /* Products */,
			);
			sourceTree = "<group>";
		};
		D210FD8F1CDBD8A500ACE18A /* Products */ = {
			isa = PBXGroup;
			children = (
				D210FD8E1CDBD8A500ACE18A /* FreeSound.app */,
			);
			name = Products;
			sourceTree = "<group>";
		};
		D210FD901CDBD8A500ACE18A /* FreeSound */ = {
			isa = PBXGroup;
			children = (
				A53D9FC01F1F83290066A588 /* Classes */,
				A5F5E2491F20A228002C611E /* Resources */,
			);
			path = FreeSound;
			sourceTree = "<group>";
		};
/* End PBXGroup section */

/* Begin PBXNativeTarget section */
		D210FD8D1CDBD8A500ACE18A /* FreeSound */ = {
			isa = PBXNativeTarget;
			buildConfigurationList = D210FDA01CDBD8A600ACE18A /* Build configuration list for PBXNativeTarget "FreeSound" */;
			buildPhases = (
				E878853898246F31AD329E9F /* [CP] Check Pods Manifest.lock */,
				D210FD8A1CDBD8A500ACE18A /* Sources */,
				D210FD8B1CDBD8A500ACE18A /* Frameworks */,
				D210FD8C1CDBD8A500ACE18A /* Resources */,
				D3B4B4A7FD23697FE7047C6E /* [CP] Embed Pods Frameworks */,
				BCA92259923955F2889C4B90 /* [CP] Copy Pods Resources */,
			);
			buildRules = (
			);
			dependencies = (
			);
			name = FreeSound;
			productName = FreeSound;
			productReference = D210FD8E1CDBD8A500ACE18A /* FreeSound.app */;
			productType = "com.apple.product-type.application";
		};
/* End PBXNativeTarget section */

/* Begin PBXProject section */
		D210FD861CDBD8A500ACE18A /* Project object */ = {
			isa = PBXProject;
			attributes = {
				LastSwiftUpdateCheck = 0730;
				LastUpgradeCheck = 0730;
				ORGANIZATIONNAME = "Anton Shcherba";
				TargetAttributes = {
					D210FD8D1CDBD8A500ACE18A = {
						CreatedOnToolsVersion = 7.3;
						DevelopmentTeam = MN9V6W9UPZ;
						LastSwiftMigration = 0820;
					};
				};
			};
			buildConfigurationList = D210FD891CDBD8A500ACE18A /* Build configuration list for PBXProject "FreeSound" */;
			compatibilityVersion = "Xcode 3.2";
			developmentRegion = English;
			hasScannedForEncodings = 0;
			knownRegions = (
				en,
				Base,
			);
			mainGroup = D210FD851CDBD8A500ACE18A;
			productRefGroup = D210FD8F1CDBD8A500ACE18A /* Products */;
			projectDirPath = "";
			projectRoot = "";
			targets = (
				D210FD8D1CDBD8A500ACE18A /* FreeSound */,
			);
		};
/* End PBXProject section */

/* Begin PBXResourcesBuildPhase section */
		D210FD8C1CDBD8A500ACE18A /* Resources */ = {
			isa = PBXResourcesBuildPhase;
			buildActionMask = 2147483647;
			files = (
				A542441A20064DA500C7B697 /* AuthorCell.xib in Resources */,
				A5F5E1E51F209900002C611E /* TagCell.xib in Resources */,
				A5F5E26D1F2105F8002C611E /* SoundList.storyboard in Resources */,
				A5F5E2701F2107E8002C611E /* Profile.storyboard in Resources */,
				A5F5E2721F210C1B002C611E /* SoundDetail.storyboard in Resources */,
				A5F5E1E71F209900002C611E /* LaunchScreen.storyboard in Resources */,
				A5F5E25F1F20A412002C611E /* Info.plist in Resources */,
				A5F5E26B1F210383002C611E /* MenuRoot.storyboard in Resources */,
				A5F5E1EA1F209900002C611E /* Login.storyboard in Resources */,
				A5F5E25A1F20A384002C611E /* Assets.xcassets in Resources */,
				A5F5E2691F210284002C611E /* LeftMenu.storyboard in Resources */,
			);
			runOnlyForDeploymentPostprocessing = 0;
		};
/* End PBXResourcesBuildPhase section */

/* Begin PBXShellScriptBuildPhase section */
		BCA92259923955F2889C4B90 /* [CP] Copy Pods Resources */ = {
			isa = PBXShellScriptBuildPhase;
			buildActionMask = 2147483647;
			files = (
			);
			inputPaths = (
			);
			name = "[CP] Copy Pods Resources";
			outputPaths = (
			);
			runOnlyForDeploymentPostprocessing = 0;
			shellPath = /bin/sh;
			shellScript = "\"${SRCROOT}/Pods/Target Support Files/Pods-FreeSound/Pods-FreeSound-resources.sh\"\n";
			showEnvVarsInLog = 0;
		};
		D3B4B4A7FD23697FE7047C6E /* [CP] Embed Pods Frameworks */ = {
			isa = PBXShellScriptBuildPhase;
			buildActionMask = 2147483647;
			files = (
			);
			inputPaths = (
			);
			name = "[CP] Embed Pods Frameworks";
			outputPaths = (
			);
			runOnlyForDeploymentPostprocessing = 0;
			shellPath = /bin/sh;
			shellScript = "\"${SRCROOT}/Pods/Target Support Files/Pods-FreeSound/Pods-FreeSound-frameworks.sh\"\n";
			showEnvVarsInLog = 0;
		};
		E878853898246F31AD329E9F /* [CP] Check Pods Manifest.lock */ = {
			isa = PBXShellScriptBuildPhase;
			buildActionMask = 2147483647;
			files = (
			);
			inputPaths = (
			);
			name = "[CP] Check Pods Manifest.lock";
			outputPaths = (
			);
			runOnlyForDeploymentPostprocessing = 0;
			shellPath = /bin/sh;
			shellScript = "diff \"${PODS_PODFILE_DIR_PATH}/Podfile.lock\" \"${PODS_ROOT}/Manifest.lock\" > /dev/null\nif [ $? != 0 ] ; then\n    # print error to STDERR\n    echo \"error: The sandbox is not in sync with the Podfile.lock. Run 'pod install' or update your CocoaPods installation.\" >&2\n    exit 1\nfi\n";
			showEnvVarsInLog = 0;
		};
/* End PBXShellScriptBuildPhase section */

/* Begin PBXSourcesBuildPhase section */
		D210FD8A1CDBD8A500ACE18A /* Sources */ = {
			isa = PBXSourcesBuildPhase;
			buildActionMask = 2147483647;
			files = (
				A5F5E25B1F20A384002C611E /* FreeSound.xcdatamodeld in Sources */,
				A5F5E1EB1F209900002C611E /* SoundMapController.swift in Sources */,
				A5F5E2131F209AE3002C611E /* SearchResult.swift in Sources */,
				A5F5E2671F20F5F4002C611E /* KeyboardInputBar.swift in Sources */,
				A5F5E2631F20ADF3002C611E /* Comment+CoreDataProperties.swift in Sources */,
				A5F5E23B1F209FAD002C611E /* SearchOptionsController.swift in Sources */,
				A5F5E21A1F209C67002C611E /* Dictionary+HTTPParameters.swift in Sources */,
				A5F5E2421F209FAD002C611E /* DescriptionViewController.swift in Sources */,
				A5F5E1F01F209900002C611E /* ProfileViewController.swift in Sources */,
				A5F5E20B1F209AE3002C611E /* SoundDetailInfo+CoreDataProperties.swift in Sources */,
				A5F5E1E41F209900002C611E /* TagCell.swift in Sources */,
				A5F5E1E81F209900002C611E /* AuthViewController.swift in Sources */,
				A5F5E1E31F209900002C611E /* CommentsController.swift in Sources */,
				A5F5E1FF1F209AA8002C611E /* SoundLoader.swift in Sources */,
				A5F5E1FD1F209AA8002C611E /* DatabaseManager.swift in Sources */,
				A5F5E1ED1F209900002C611E /* MenuRootViewController.swift in Sources */,
				A5F5E2401F209FAD002C611E /* SoundTagsCell.swift in Sources */,
				A5F5E1E91F209900002C611E /* LoginViewController.swift in Sources */,
				A542441920064DA500C7B697 /* AuthorCell.swift in Sources */,
				A5F5E21C1F209C67002C611E /* String+PathConstructable.swift in Sources */,
				A5F5E20C1F209AE3002C611E /* SoundDetailInfo.swift in Sources */,
				A5F5E1EC1F209900002C611E /* LeftMenuViewController.swift in Sources */,
				A5F5E1EF1F209900002C611E /* SoundPlayerView.swift in Sources */,
				A5F5E23C1F209FAD002C611E /* SearchOptionsCell.swift in Sources */,
				A5F5E2471F20A1A3002C611E /* AppDelegate.swift in Sources */,
				A5F5E1FC1F209AA8002C611E /* CoreDataManager.swift in Sources */,
				A5F5E2411F209FAD002C611E /* SoundTitleCell.swift in Sources */,
				A5F5E23D1F209FAD002C611E /* SoundDetailViewController.swift in Sources */,
				A5F5E2121F209AE3002C611E /* User.swift in Sources */,
				A5F5E1EE1F209900002C611E /* SoundPlayerController.swift in Sources */,
				A5F5E2441F209FAD002C611E /* SoundInfoCell.swift in Sources */,
				A5F5E20E1F209AE3002C611E /* SoundInfo+CoreDataProperties.swift in Sources */,
				A5F5E2621F20ADF3002C611E /* Comment+CoreDataClass.swift in Sources */,
				A5F5E21B1F209C67002C611E /* ResourcePathManager.swift in Sources */,
				A5F5E2111F209AE3002C611E /* Tag.swift in Sources */,
				A5F5E23E1F209FAD002C611E /* MetaInfoCell.swift in Sources */,
				A5F5E1E61F209900002C611E /* TagsView.swift in Sources */,
				A5F5E2101F209AE3002C611E /* Tag+CoreDataProperties.swift in Sources */,
				A5F5E20F1F209AE3002C611E /* SoundInfo.swift in Sources */,
				A5F5E2431F209FAD002C611E /* SoundListViewController.swift in Sources */,
				A5F5E1F71F2099EC002C611E /* FreesoundService.swift in Sources */,
				A5F5E23F1F209FAD002C611E /* SoundDescriptionCell.swift in Sources */,
				A542441C200650D200C7B697 /* Navigation.swift in Sources */,
				A5F5E2191F209C67002C611E /* Constants.swift in Sources */,
				A5F5E2651F20C44B002C611E /* CommentCell.swift in Sources */,
			);
			runOnlyForDeploymentPostprocessing = 0;
		};
/* End PBXSourcesBuildPhase section */

/* Begin XCBuildConfiguration section */
		D210FD9E1CDBD8A600ACE18A /* Debug */ = {
			isa = XCBuildConfiguration;
			buildSettings = {
				ALWAYS_SEARCH_USER_PATHS = NO;
				CLANG_ANALYZER_NONNULL = YES;
				CLANG_CXX_LANGUAGE_STANDARD = "gnu++0x";
				CLANG_CXX_LIBRARY = "libc++";
				CLANG_ENABLE_MODULES = YES;
				CLANG_ENABLE_OBJC_ARC = YES;
				CLANG_WARN_BOOL_CONVERSION = YES;
				CLANG_WARN_CONSTANT_CONVERSION = YES;
				CLANG_WARN_DIRECT_OBJC_ISA_USAGE = YES_ERROR;
				CLANG_WARN_EMPTY_BODY = YES;
				CLANG_WARN_ENUM_CONVERSION = YES;
				CLANG_WARN_INT_CONVERSION = YES;
				CLANG_WARN_OBJC_ROOT_CLASS = YES_ERROR;
				CLANG_WARN_UNREACHABLE_CODE = YES;
				CLANG_WARN__DUPLICATE_METHOD_MATCH = YES;
				"CODE_SIGN_IDENTITY[sdk=iphoneos*]" = "iPhone Developer";
				COPY_PHASE_STRIP = NO;
				DEBUG_INFORMATION_FORMAT = dwarf;
				ENABLE_STRICT_OBJC_MSGSEND = YES;
				ENABLE_TESTABILITY = YES;
				GCC_C_LANGUAGE_STANDARD = gnu99;
				GCC_DYNAMIC_NO_PIC = NO;
				GCC_NO_COMMON_BLOCKS = YES;
				GCC_OPTIMIZATION_LEVEL = 0;
				GCC_PREPROCESSOR_DEFINITIONS = (
					"DEBUG=1",
					"$(inherited)",
				);
				GCC_WARN_64_TO_32_BIT_CONVERSION = YES;
				GCC_WARN_ABOUT_RETURN_TYPE = YES_ERROR;
				GCC_WARN_UNDECLARED_SELECTOR = YES;
				GCC_WARN_UNINITIALIZED_AUTOS = YES_AGGRESSIVE;
				GCC_WARN_UNUSED_FUNCTION = YES;
				GCC_WARN_UNUSED_VARIABLE = YES;
				IPHONEOS_DEPLOYMENT_TARGET = 9.3;
				MTL_ENABLE_DEBUG_INFO = YES;
				ONLY_ACTIVE_ARCH = YES;
				SDKROOT = iphoneos;
				SWIFT_OPTIMIZATION_LEVEL = "-Onone";
				TARGETED_DEVICE_FAMILY = "1,2";
			};
			name = Debug;
		};
		D210FD9F1CDBD8A600ACE18A /* Release */ = {
			isa = XCBuildConfiguration;
			buildSettings = {
				ALWAYS_SEARCH_USER_PATHS = NO;
				CLANG_ANALYZER_NONNULL = YES;
				CLANG_CXX_LANGUAGE_STANDARD = "gnu++0x";
				CLANG_CXX_LIBRARY = "libc++";
				CLANG_ENABLE_MODULES = YES;
				CLANG_ENABLE_OBJC_ARC = YES;
				CLANG_WARN_BOOL_CONVERSION = YES;
				CLANG_WARN_CONSTANT_CONVERSION = YES;
				CLANG_WARN_DIRECT_OBJC_ISA_USAGE = YES_ERROR;
				CLANG_WARN_EMPTY_BODY = YES;
				CLANG_WARN_ENUM_CONVERSION = YES;
				CLANG_WARN_INT_CONVERSION = YES;
				CLANG_WARN_OBJC_ROOT_CLASS = YES_ERROR;
				CLANG_WARN_UNREACHABLE_CODE = YES;
				CLANG_WARN__DUPLICATE_METHOD_MATCH = YES;
				"CODE_SIGN_IDENTITY[sdk=iphoneos*]" = "iPhone Developer";
				COPY_PHASE_STRIP = NO;
				DEBUG_INFORMATION_FORMAT = "dwarf-with-dsym";
				ENABLE_NS_ASSERTIONS = NO;
				ENABLE_STRICT_OBJC_MSGSEND = YES;
				GCC_C_LANGUAGE_STANDARD = gnu99;
				GCC_NO_COMMON_BLOCKS = YES;
				GCC_WARN_64_TO_32_BIT_CONVERSION = YES;
				GCC_WARN_ABOUT_RETURN_TYPE = YES_ERROR;
				GCC_WARN_UNDECLARED_SELECTOR = YES;
				GCC_WARN_UNINITIALIZED_AUTOS = YES_AGGRESSIVE;
				GCC_WARN_UNUSED_FUNCTION = YES;
				GCC_WARN_UNUSED_VARIABLE = YES;
				IPHONEOS_DEPLOYMENT_TARGET = 9.3;
				MTL_ENABLE_DEBUG_INFO = NO;
				SDKROOT = iphoneos;
				TARGETED_DEVICE_FAMILY = "1,2";
				VALIDATE_PRODUCT = YES;
			};
			name = Release;
		};
		D210FDA11CDBD8A600ACE18A /* Debug */ = {
			isa = XCBuildConfiguration;
			baseConfigurationReference = C5E7DFB2C3AE31663FB3EBFC /* Pods-FreeSound.debug.xcconfig */;
			buildSettings = {
				ASSETCATALOG_COMPILER_APPICON_NAME = AppIcon;
				CODE_SIGN_IDENTITY = "iPhone Developer";
				"CODE_SIGN_IDENTITY[sdk=iphoneos*]" = "iPhone Developer";
				DEVELOPMENT_TEAM = MN9V6W9UPZ;
				INFOPLIST_FILE = FreeSound/Info.plist;
				IPHONEOS_DEPLOYMENT_TARGET = 9.0;
				LD_RUNPATH_SEARCH_PATHS = "$(inherited) @executable_path/Frameworks";
				PRODUCT_BUNDLE_IDENTIFIER = com.antonshcherba.FreeSound;
				PRODUCT_NAME = "$(TARGET_NAME)";
				PROVISIONING_PROFILE = "";
				SWIFT_INSTALL_OBJC_HEADER = NO;
				SWIFT_VERSION = 3.0;
				WARNING_CFLAGS = (
					"-Wall",
					"-Wextra",
				);
			};
			name = Debug;
		};
		D210FDA21CDBD8A600ACE18A /* Release */ = {
			isa = XCBuildConfiguration;
			baseConfigurationReference = 4B4E927B89794D3F6F97A723 /* Pods-FreeSound.release.xcconfig */;
			buildSettings = {
				ASSETCATALOG_COMPILER_APPICON_NAME = AppIcon;
				CODE_SIGN_IDENTITY = "iPhone Developer";
				"CODE_SIGN_IDENTITY[sdk=iphoneos*]" = "iPhone Developer";
				DEVELOPMENT_TEAM = MN9V6W9UPZ;
				INFOPLIST_FILE = FreeSound/Info.plist;
				IPHONEOS_DEPLOYMENT_TARGET = 9.0;
				LD_RUNPATH_SEARCH_PATHS = "$(inherited) @executable_path/Frameworks";
				PRODUCT_BUNDLE_IDENTIFIER = com.antonshcherba.FreeSound;
				PRODUCT_NAME = "$(TARGET_NAME)";
				PROVISIONING_PROFILE = "";
				SWIFT_INSTALL_OBJC_HEADER = NO;
				SWIFT_VERSION = 3.0;
				WARNING_CFLAGS = (
					"-Wall",
					"-Wextra",
				);
			};
			name = Release;
		};
/* End XCBuildConfiguration section */

/* Begin XCConfigurationList section */
		D210FD891CDBD8A500ACE18A /* Build configuration list for PBXProject "FreeSound" */ = {
			isa = XCConfigurationList;
			buildConfigurations = (
				D210FD9E1CDBD8A600ACE18A /* Debug */,
				D210FD9F1CDBD8A600ACE18A /* Release */,
			);
			defaultConfigurationIsVisible = 0;
			defaultConfigurationName = Release;
		};
		D210FDA01CDBD8A600ACE18A /* Build configuration list for PBXNativeTarget "FreeSound" */ = {
			isa = XCConfigurationList;
			buildConfigurations = (
				D210FDA11CDBD8A600ACE18A /* Debug */,
				D210FDA21CDBD8A600ACE18A /* Release */,
			);
			defaultConfigurationIsVisible = 0;
			defaultConfigurationName = Release;
		};
/* End XCConfigurationList section */

/* Begin XCVersionGroup section */
		A5F5E2581F20A384002C611E /* FreeSound.xcdatamodeld */ = {
			isa = XCVersionGroup;
			children = (
				A5F5E2591F20A384002C611E /* FreeSound.xcdatamodel */,
			);
			currentVersion = A5F5E2591F20A384002C611E /* FreeSound.xcdatamodel */;
			path = FreeSound.xcdatamodeld;
			sourceTree = "<group>";
			versionGroupType = wrapper.xcdatamodel;
		};
/* End XCVersionGroup section */
	};
	rootObject = D210FD861CDBD8A500ACE18A /* Project object */;
}
